
Microsoft Visual Studio Solution File, Format Version 12.00
# Visual Studio Version 16
VisualStudioVersion = 16.0.32106.194
MinimumVisualStudioVersion = 10.0.40219.1
Project("{8BC9CEB8-8B4A-11D0-8D11-00A0C91BC942}") = "List0201", "List0201\List0201.vcxproj", "{F3016B47-D228-44C2-90E4-CDFC96CBBE4C}"
EndProject
Project("{8BC9CEB8-8B4A-11D0-8D11-00A0C91BC942}") = "List0202", "List0202\List0202.vcxproj", "{66EFDD4C-8E56-469B-876C-BD4187D56149}"
EndProject
Project("{8BC9CEB8-8B4A-11D0-8D11-00A0C91BC942}") = "Ex0202", "Ex0202\Ex0202.vcxproj", "{E2B067A4-5276-4A45-9F4B-A7353042AACB}"
EndProject
Project("{8BC9CEB8-8B4A-11D0-8D11-00A0C91BC942}") = "List0206", "List0206\List0206.vcxproj", "{5D17D043-0AF5-48DF-9ECB-E59F21B5B313}"
EndProject
Project("{8BC9CEB8-8B4A-11D0-8D11-00A0C91BC942}") = "List0208", "List0208\List0208.vcxproj", "{71EA8AC4-57C7-42BA-8F2A-C152ABAC0515}"
EndProject
Project("{8BC9CEB8-8B4A-11D0-8D11-00A0C91BC942}") = "Ex0205", "Ex0205\Ex0205.vcxproj", "{C41B2C63-3D8D-4AEB-8168-837699E42E56}"
EndProject
Project("{8BC9CEB8-8B4A-11D0-8D11-00A0C91BC942}") = "List0212", "List0212\List0212.vcxproj", "{C0143031-4CA1-4654-907C-4760F612B050}"
EndProject
Global
	GlobalSection(SolutionConfigurationPlatforms) = preSolution
		Debug|x64 = Debug|x64
		Debug|x86 = Debug|x86
		Release|x64 = Release|x64
		Release|x86 = Release|x86
	EndGlobalSection
	GlobalSection(ProjectConfigurationPlatforms) = postSolution
		{F3016B47-D228-44C2-90E4-CDFC96CBBE4C}.Debug|x64.ActiveCfg = Debug|x64
		{F3016B47-D228-44C2-90E4-CDFC96CBBE4C}.Debug|x64.Build.0 = Debug|x64
		{F3016B47-D228-44C2-90E4-CDFC96CBBE4C}.Debug|x86.ActiveCfg = Debug|Win32
		{F3016B47-D228-44C2-90E4-CDFC96CBBE4C}.Debug|x86.Build.0 = Debug|Win32
		{F3016B47-D228-44C2-90E4-CDFC96CBBE4C}.Release|x64.ActiveCfg = Release|x64
		{F3016B47-D228-44C2-90E4-CDFC96CBBE4C}.Release|x64.Build.0 = Release|x64
		{F3016B47-D228-44C2-90E4-CDFC96CBBE4C}.Release|x86.ActiveCfg = Release|Win32
		{F3016B47-D228-44C2-90E4-CDFC96CBBE4C}.Release|x86.Build.0 = Release|Win32
		{66EFDD4C-8E56-469B-876C-BD4187D56149}.Debug|x64.ActiveCfg = Debug|x64
		{66EFDD4C-8E56-469B-876C-BD4187D56149}.Debug|x64.Build.0 = Debug|x64
		{66EFDD4C-8E56-469B-876C-BD4187D56149}.Debug|x86.ActiveCfg = Debug|Win32
		{66EFDD4C-8E56-469B-876C-BD4187D56149}.Debug|x86.Build.0 = Debug|Win32
		{66EFDD4C-8E56-469B-876C-BD4187D56149}.Release|x64.ActiveCfg = Release|x64
		{66EFDD4C-8E56-469B-876C-BD4187D56149}.Release|x64.Build.0 = Release|x64
		{66EFDD4C-8E56-469B-876C-BD4187D56149}.Release|x86.ActiveCfg = Release|Win32
		{66EFDD4C-8E56-469B-876C-BD4187D56149}.Release|x86.Build.0 = Release|Win32
		{E2B067A4-5276-4A45-9F4B-A7353042AACB}.Debug|x64.ActiveCfg = Debug|x64
		{E2B067A4-5276-4A45-9F4B-A7353042AACB}.Debug|x64.Build.0 = Debug|x64
		{E2B067A4-5276-4A45-9F4B-A7353042AACB}.Debug|x86.ActiveCfg = Debug|Win32
		{E2B067A4-5276-4A45-9F4B-A7353042AACB}.Debug|x86.Build.0 = Debug|Win32
		{E2B067A4-5276-4A45-9F4B-A7353042AACB}.Release|x64.ActiveCfg = Release|x64
		{E2B067A4-5276-4A45-9F4B-A7353042AACB}.Release|x64.Build.0 = Release|x64
		{E2B067A4-5276-4A45-9F4B-A7353042AACB}.Release|x86.ActiveCfg = Release|Win32
		{E2B067A4-5276-4A45-9F4B-A7353042AACB}.Release|x86.Build.0 = Release|Win32
		{5D17D043-0AF5-48DF-9ECB-E59F21B5B313}.Debug|x64.ActiveCfg = Debug|x64
		{5D17D043-0AF5-48DF-9ECB-E59F21B5B313}.Debug|x64.Build.0 = Debug|x64
		{5D17D043-0AF5-48DF-9ECB-E59F21B5B313}.Debug|x86.ActiveCfg = Debug|Win32
		{5D17D043-0AF5-48DF-9ECB-E59F21B5B313}.Debug|x86.Build.0 = Debug|Win32
		{5D17D043-0AF5-48DF-9ECB-E59F21B5B313}.Release|x64.ActiveCfg = Release|x64
		{5D17D043-0AF5-48DF-9ECB-E59F21B5B313}.Release|x64.Build.0 = Release|x64
		{5D17D043-0AF5-48DF-9ECB-E59F21B5B313}.Release|x86.ActiveCfg = Release|Win32
		{5D17D043-0AF5-48DF-9ECB-E59F21B5B313}.Release|x86.Build.0 = Release|Win32
		{71EA8AC4-57C7-42BA-8F2A-C152ABAC0515}.Debug|x64.ActiveCfg = Debug|x64
		{71EA8AC4-57C7-42BA-8F2A-C152ABAC0515}.Debug|x64.Build.0 = Debug|x64
		{71EA8AC4-57C7-42BA-8F2A-C152ABAC0515}.Debug|x86.ActiveCfg = Debug|Win32
		{71EA8AC4-57C7-42BA-8F2A-C152ABAC0515}.Debug|x86.Build.0 = Debug|Win32
		{71EA8AC4-57C7-42BA-8F2A-C152ABAC0515}.Release|x64.ActiveCfg = Release|x64
		{71EA8AC4-57C7-42BA-8F2A-C152ABAC0515}.Release|x64.Build.0 = Release|x64
		{71EA8AC4-57C7-42BA-8F2A-C152ABAC0515}.Release|x86.ActiveCfg = Release|Win32
		{71EA8AC4-57C7-42BA-8F2A-C152ABAC0515}.Release|x86.Build.0 = Release|Win32
		{C41B2C63-3D8D-4AEB-8168-837699E42E56}.Debug|x64.ActiveCfg = Debug|x64
		{C41B2C63-3D8D-4AEB-8168-837699E42E56}.Debug|x64.Build.0 = Debug|x64
		{C41B2C63-3D8D-4AEB-8168-837699E42E56}.Debug|x86.ActiveCfg = Debug|Win32
		{C41B2C63-3D8D-4AEB-8168-837699E42E56}.Debug|x86.Build.0 = Debug|Win32
		{C41B2C63-3D8D-4AEB-8168-837699E42E56}.Release|x64.ActiveCfg = Release|x64
		{C41B2C63-3D8D-4AEB-8168-837699E42E56}.Release|x64.Build.0 = Release|x64
		{C41B2C63-3D8D-4AEB-8168-837699E42E56}.Release|x86.ActiveCfg = Release|Win32
		{C41B2C63-3D8D-4AEB-8168-837699E42E56}.Release|x86.Build.0 = Release|Win32
		{C0143031-4CA1-4654-907C-4760F612B050}.Debug|x64.ActiveCfg = Debug|x64
		{C0143031-4CA1-4654-907C-4760F612B050}.Debug|x64.Build.0 = Debug|x64
		{C0143031-4CA1-4654-907C-4760F612B050}.Debug|x86.ActiveCfg = Debug|Win32
		{C0143031-4CA1-4654-907C-4760F612B050}.Debug|x86.Build.0 = Debug|Win32
		{C0143031-4CA1-4654-907C-4760F612B050}.Release|x64.ActiveCfg = Release|x64
		{C0143031-4CA1-4654-907C-4760F612B050}.Release|x64.Build.0 = Release|x64
		{C0143031-4CA1-4654-907C-4760F612B050}.Release|x86.ActiveCfg = Release|Win32
		{C0143031-4CA1-4654-907C-4760F612B050}.Release|x86.Build.0 = Release|Win32
	EndGlobalSection
	GlobalSection(SolutionProperties) = preSolution
		HideSolutionNode = FALSE
	EndGlobalSection
	GlobalSection(ExtensibilityGlobals) = postSolution
		SolutionGuid = {EACF7E4A-5FAD-4C8D-AC66-E882EB1BE240}
	EndGlobalSection
EndGlobal
